
Microsoft Visual Studio Solution File, Format Version 12.00
# Visual Studio Version 17
VisualStudioVersion = 17.7.34003.232
MinimumVisualStudioVersion = 10.0.40219.1
Project("{FAE04EC0-301F-11D3-BF4B-00C04F79EFBC}") = "YuStash_DataExtractor", "YuStash_DataExtractor.csproj", "{17E9FC39-6563-40E1-AAC1-E3496E828DF6}"
EndProject
Global
	GlobalSection(SolutionConfigurationPlatforms) = preSolution
		Debug|Any CPU = Debug|Any CPU
		Release|Any CPU = Release|Any CPU
	EndGlobalSection
	GlobalSection(ProjectConfigurationPlatforms) = postSolution
		{17E9FC39-6563-40E1-AAC1-E3496E828DF6}.Debug|Any CPU.ActiveCfg = Debug|Any CPU
		{17E9FC39-6563-40E1-AAC1-E3496E828DF6}.Debug|Any CPU.Build.0 = Debug|Any CPU
		{17E9FC39-6563-40E1-AAC1-E3496E828DF6}.Release|Any CPU.ActiveCfg = Release|Any CPU
		{17E9FC39-6563-40E1-AAC1-E3496E828DF6}.Release|Any CPU.Build.0 = Release|Any CPU
	EndGlobalSection
	GlobalSection(SolutionProperties) = preSolution
		HideSolutionNode = FALSE
	EndGlobalSection
	GlobalSection(ExtensibilityGlobals) = postSolution
		SolutionGuid = {B2678E1D-1BA1-4D00-B17B-E00E4AA26A94}
	EndGlobalSection
EndGlobal
